
Microsoft Visual Studio Solution File, Format Version 12.00
# Visual Studio Version 17
VisualStudioVersion = 17.0.31919.166
MinimumVisualStudioVersion = 10.0.40219.1
Project("{FAE04EC0-301F-11D3-BF4B-00C04F79EFBC}") = "KataMilanEskuvo", "KataMilanEskuvo\KataMilanEskuvo.csproj", "{D304259B-E6E5-40C8-9727-547CE03B6C63}"
EndProject
Global
	GlobalSection(SolutionConfigurationPlatforms) = preSolution
		Debug|Any CPU = Debug|Any CPU
		Release|Any CPU = Release|Any CPU
	EndGlobalSection
	GlobalSection(ProjectConfigurationPlatforms) = postSolution
		{D304259B-E6E5-40C8-9727-547CE03B6C63}.Debug|Any CPU.ActiveCfg = Debug|Any CPU
		{D304259B-E6E5-40C8-9727-547CE03B6C63}.Debug|Any CPU.Build.0 = Debug|Any CPU
		{D304259B-E6E5-40C8-9727-547CE03B6C63}.Release|Any CPU.ActiveCfg = Release|Any CPU
		{D304259B-E6E5-40C8-9727-547CE03B6C63}.Release|Any CPU.Build.0 = Release|Any CPU
	EndGlobalSection
	GlobalSection(SolutionProperties) = preSolution
		HideSolutionNode = FALSE
	EndGlobalSection
	GlobalSection(ExtensibilityGlobals) = postSolution
		SolutionGuid = {50A7022C-3894-4C24-B7CE-324E61E25E19}
	EndGlobalSection
EndGlobal
